PODS:
  - Capacitor (3.0.0):
    - CapacitorCordova
  - CapacitorCordova (3.0.0)
  - GoogleMaps (3.9.0):
    - GoogleMaps/Maps (= 3.9.0)
  - GoogleMaps/Base (3.9.0)
  - GoogleMaps/Maps (3.9.0):
    - GoogleMaps/Base

DEPENDENCIES:
  - "Capacitor (from `../node_modules/@capacitor/ios`)"
  - "CapacitorCordova (from `../node_modules/@capacitor/ios`)"
  - GoogleMaps

SPEC REPOS:
  trunk:
    - GoogleMaps

EXTERNAL SOURCES:
  Capacitor:
    :path: "../node_modules/@capacitor/ios"
  CapacitorCordova:
    :path: "../node_modules/@capacitor/ios"

SPEC CHECKSUMS:
  Capacitor: 06cd8cd01340f5b162e9528bf5569d87a6f29009
  CapacitorCordova: 183c8d1af3851da6d7a371f273462c8e64e15464
  GoogleMaps: 4b5346bddfe6911bb89155d43c903020170523ac

PODFILE CHECKSUM: 7e832971e257b32fc8d9dfccc06a604ce4ff1b04

COCOAPODS: 1.9.3
